// !$*UTF8*$!
{
	archiveVersion = 1;
	classes = {
	};
	objectVersion = 56;
	objects = {

/* Begin PBXBuildFile section */
		61940BF72A1CD9980021E38F /* FilesView.swift in Sources */ = {isa = PBXBuildFile; fileRef = 61940BF62A1CD9980021E38F /* FilesView.swift */; };
		61B51F5C2A04D77B009980EA /* mockData.json in Resources */ = {isa = PBXBuildFile; fileRef = 61B51F5B2A04D77B009980EA /* mockData.json */; };
		61C0789429FECC9E00252DB9 /* FuzzySearchImplementationApp.swift in Sources */ = {isa = PBXBuildFile; fileRef = 61C0789329FECC9E00252DB9 /* FuzzySearchImplementationApp.swift */; };
		61C0789629FECC9E00252DB9 /* ContentView.swift in Sources */ = {isa = PBXBuildFile; fileRef = 61C0789529FECC9E00252DB9 /* ContentView.swift */; };
		61C0789829FECC9E00252DB9 /* Assets.xcassets in Resources */ = {isa = PBXBuildFile; fileRef = 61C0789729FECC9E00252DB9 /* Assets.xcassets */; };
		61C0789B29FECC9E00252DB9 /* Preview Assets.xcassets in Resources */ = {isa = PBXBuildFile; fileRef = 61C0789A29FECC9E00252DB9 /* Preview Assets.xcassets */; };
		61C078A829FECCBE00252DB9 /* FuzzySearchImplementationTests.swift in Sources */ = {isa = PBXBuildFile; fileRef = 61C078A729FECCBE00252DB9 /* FuzzySearchImplementationTests.swift */; };
		61C078AF29FECCD500252DB9 /* DecodeJSON.swift in Sources */ = {isa = PBXBuildFile; fileRef = 61C078AE29FECCD500252DB9 /* DecodeJSON.swift */; };
		61C078B229FECDF400252DB9 /* ViewModel.swift in Sources */ = {isa = PBXBuildFile; fileRef = 61C078B129FECDF400252DB9 /* ViewModel.swift */; };
		61C078B429FED58300252DB9 /* TestingData.json in Resources */ = {isa = PBXBuildFile; fileRef = 61C078B329FED58300252DB9 /* TestingData.json */; };
		61C078B629FED73300252DB9 /* FuzzySearch.swift in Sources */ = {isa = PBXBuildFile; fileRef = 61C078B529FED73300252DB9 /* FuzzySearch.swift */; };
		61F954CF2B6832FE008A4404 /* String+HasPrefix.swift in Sources */ = {isa = PBXBuildFile; fileRef = 61F954CA2B6832FE008A4404 /* String+HasPrefix.swift */; };
		61F954D02B6832FE008A4404 /* Models.swift in Sources */ = {isa = PBXBuildFile; fileRef = 61F954CB2B6832FE008A4404 /* Models.swift */; };
		61F954D12B6832FE008A4404 /* FuzzySearchable.swift in Sources */ = {isa = PBXBuildFile; fileRef = 61F954CC2B6832FE008A4404 /* FuzzySearchable.swift */; };
		61F954D22B6832FE008A4404 /* String+Normalise.swift in Sources */ = {isa = PBXBuildFile; fileRef = 61F954CD2B6832FE008A4404 /* String+Normalise.swift */; };
		61F954D32B6832FE008A4404 /* Collection+FuzzySearch.swift in Sources */ = {isa = PBXBuildFile; fileRef = 61F954CE2B6832FE008A4404 /* Collection+FuzzySearch.swift */; };
		61F954D52B6833B7008A4404 /* CachedFuzzySearchable.swift in Sources */ = {isa = PBXBuildFile; fileRef = 61F954D42B6833B7008A4404 /* CachedFuzzySearchable.swift */; };
/* End PBXBuildFile section */

/* Begin PBXContainerItemProxy section */
		61C078A929FECCBE00252DB9 /* PBXContainerItemProxy */ = {
			isa = PBXContainerItemProxy;
			containerPortal = 61C0788829FECC9E00252DB9 /* Project object */;
			proxyType = 1;
			remoteGlobalIDString = 61C0788F29FECC9E00252DB9;
			remoteInfo = FuzzySearchImplementation;
		};
/* End PBXContainerItemProxy section */

/* Begin PBXFileReference section */
		61940BF62A1CD9980021E38F /* FilesView.swift */ = {isa = PBXFileReference; lastKnownFileType = sourcecode.swift; path = FilesView.swift; sourceTree = "<group>"; };
		61B51F5B2A04D77B009980EA /* mockData.json */ = {isa = PBXFileReference; fileEncoding = 4; lastKnownFileType = text.json; path = mockData.json; sourceTree = "<group>"; };
		61C0789029FECC9E00252DB9 /* FuzzySearchImplementation.app */ = {isa = PBXFileReference; explicitFileType = wrapper.application; includeInIndex = 0; path = FuzzySearchImplementation.app; sourceTree = BUILT_PRODUCTS_DIR; };
		61C0789329FECC9E00252DB9 /* FuzzySearchImplementationApp.swift */ = {isa = PBXFileReference; lastKnownFileType = sourcecode.swift; path = FuzzySearchImplementationApp.swift; sourceTree = "<group>"; };
		61C0789529FECC9E00252DB9 /* ContentView.swift */ = {isa = PBXFileReference; lastKnownFileType = sourcecode.swift; path = ContentView.swift; sourceTree = "<group>"; };
		61C0789729FECC9E00252DB9 /* Assets.xcassets */ = {isa = PBXFileReference; lastKnownFileType = folder.assetcatalog; path = Assets.xcassets; sourceTree = "<group>"; };
		61C0789A29FECC9E00252DB9 /* Preview Assets.xcassets */ = {isa = PBXFileReference; lastKnownFileType = folder.assetcatalog; path = "Preview Assets.xcassets"; sourceTree = "<group>"; };
		61C078A529FECCBE00252DB9 /* FuzzySearchImplementationTests.xctest */ = {isa = PBXFileReference; explicitFileType = wrapper.cfbundle; includeInIndex = 0; path = FuzzySearchImplementationTests.xctest; sourceTree = BUILT_PRODUCTS_DIR; };
		61C078A729FECCBE00252DB9 /* FuzzySearchImplementationTests.swift */ = {isa = PBXFileReference; lastKnownFileType = sourcecode.swift; path = FuzzySearchImplementationTests.swift; sourceTree = "<group>"; };
		61C078AE29FECCD500252DB9 /* DecodeJSON.swift */ = {isa = PBXFileReference; lastKnownFileType = sourcecode.swift; path = DecodeJSON.swift; sourceTree = "<group>"; };
		61C078B129FECDF400252DB9 /* ViewModel.swift */ = {isa = PBXFileReference; lastKnownFileType = sourcecode.swift; path = ViewModel.swift; sourceTree = "<group>"; };
		61C078B329FED58300252DB9 /* TestingData.json */ = {isa = PBXFileReference; fileEncoding = 4; lastKnownFileType = text.json; path = TestingData.json; sourceTree = "<group>"; };
		61C078B529FED73300252DB9 /* FuzzySearch.swift */ = {isa = PBXFileReference; lastKnownFileType = sourcecode.swift; path = FuzzySearch.swift; sourceTree = "<group>"; };
		61F954CA2B6832FE008A4404 /* String+HasPrefix.swift */ = {isa = PBXFileReference; fileEncoding = 4; lastKnownFileType = sourcecode.swift; path = "String+HasPrefix.swift"; sourceTree = "<group>"; };
		61F954CB2B6832FE008A4404 /* Models.swift */ = {isa = PBXFileReference; fileEncoding = 4; lastKnownFileType = sourcecode.swift; path = Models.swift; sourceTree = "<group>"; };
		61F954CC2B6832FE008A4404 /* FuzzySearchable.swift */ = {isa = PBXFileReference; fileEncoding = 4; lastKnownFileType = sourcecode.swift; path = FuzzySearchable.swift; sourceTree = "<group>"; };
		61F954CD2B6832FE008A4404 /* String+Normalise.swift */ = {isa = PBXFileReference; fileEncoding = 4; lastKnownFileType = sourcecode.swift; path = "String+Normalise.swift"; sourceTree = "<group>"; };
		61F954CE2B6832FE008A4404 /* Collection+FuzzySearch.swift */ = {isa = PBXFileReference; fileEncoding = 4; lastKnownFileType = sourcecode.swift; path = "Collection+FuzzySearch.swift"; sourceTree = "<group>"; };
		61F954D42B6833B7008A4404 /* CachedFuzzySearchable.swift */ = {isa = PBXFileReference; lastKnownFileType = sourcecode.swift; path = CachedFuzzySearchable.swift; sourceTree = "<group>"; };
/* End PBXFileReference section */

/* Begin PBXFrameworksBuildPhase section */
		61C0788D29FECC9E00252DB9 /* Frameworks */ = {
			isa = PBXFrameworksBuildPhase;
			buildActionMask = 2147483647;
			files = (
			);
			runOnlyForDeploymentPostprocessing = 0;
		};
		61C078A229FECCBE00252DB9 /* Frameworks */ = {
			isa = PBXFrameworksBuildPhase;
			buildActionMask = 2147483647;
			files = (
			);
			runOnlyForDeploymentPostprocessing = 0;
		};
/* End PBXFrameworksBuildPhase section */

/* Begin PBXGroup section */
		61C0788729FECC9E00252DB9 = {
			isa = PBXGroup;
			children = (
				61C0789229FECC9E00252DB9 /* FuzzySearchImplementation */,
				61C078A629FECCBE00252DB9 /* FuzzySearchImplementationTests */,
				61C0789129FECC9E00252DB9 /* Products */,
			);
			sourceTree = "<group>";
		};
		61C0789129FECC9E00252DB9 /* Products */ = {
			isa = PBXGroup;
			children = (
				61C0789029FECC9E00252DB9 /* FuzzySearchImplementation.app */,
				61C078A529FECCBE00252DB9 /* FuzzySearchImplementationTests.xctest */,
			);
			name = Products;
			sourceTree = "<group>";
		};
		61C0789229FECC9E00252DB9 /* FuzzySearchImplementation */ = {
			isa = PBXGroup;
			children = (
				61C0789329FECC9E00252DB9 /* FuzzySearchImplementationApp.swift */,
				61C0789529FECC9E00252DB9 /* ContentView.swift */,
				61940BF62A1CD9980021E38F /* FilesView.swift */,
				61C078B529FED73300252DB9 /* FuzzySearch.swift */,
				61C078AE29FECCD500252DB9 /* DecodeJSON.swift */,
				61C078B129FECDF400252DB9 /* ViewModel.swift */,
				61F954C92B6832E6008A4404 /* FuzzySearchableProtocol */,
				61C0789729FECC9E00252DB9 /* Assets.xcassets */,
				61B51F5B2A04D77B009980EA /* mockData.json */,
				61C078B329FED58300252DB9 /* TestingData.json */,
				61C0789929FECC9E00252DB9 /* Preview Content */,
			);
			path = FuzzySearchImplementation;
			sourceTree = "<group>";
		};
		61C0789929FECC9E00252DB9 /* Preview Content */ = {
			isa = PBXGroup;
			children = (
				61C0789A29FECC9E00252DB9 /* Preview Assets.xcassets */,
			);
			path = "Preview Content";
			sourceTree = "<group>";
		};
		61C078A629FECCBE00252DB9 /* FuzzySearchImplementationTests */ = {
			isa = PBXGroup;
			children = (
				61C078A729FECCBE00252DB9 /* FuzzySearchImplementationTests.swift */,
			);
			path = FuzzySearchImplementationTests;
			sourceTree = "<group>";
		};
		61F954C92B6832E6008A4404 /* FuzzySearchableProtocol */ = {
			isa = PBXGroup;
			children = (
				61F954CE2B6832FE008A4404 /* Collection+FuzzySearch.swift */,
				61F954CC2B6832FE008A4404 /* FuzzySearchable.swift */,
				61F954D42B6833B7008A4404 /* CachedFuzzySearchable.swift */,
				61F954CB2B6832FE008A4404 /* Models.swift */,
				61F954CA2B6832FE008A4404 /* String+HasPrefix.swift */,
				61F954CD2B6832FE008A4404 /* String+Normalise.swift */,
			);
			path = FuzzySearchableProtocol;
			sourceTree = "<group>";
		};
/* End PBXGroup section */

/* Begin PBXNativeTarget section */
		61C0788F29FECC9E00252DB9 /* FuzzySearchImplementation */ = {
			isa = PBXNativeTarget;
			buildConfigurationList = 61C0789E29FECC9E00252DB9 /* Build configuration list for PBXNativeTarget "FuzzySearchImplementation" */;
			buildPhases = (
				61C0788C29FECC9E00252DB9 /* Sources */,
				61C0788D29FECC9E00252DB9 /* Frameworks */,
				61C0788E29FECC9E00252DB9 /* Resources */,
			);
			buildRules = (
			);
			dependencies = (
			);
			name = FuzzySearchImplementation;
			productName = FuzzySearchImplementation;
			productReference = 61C0789029FECC9E00252DB9 /* FuzzySearchImplementation.app */;
			productType = "com.apple.product-type.application";
		};
		61C078A429FECCBE00252DB9 /* FuzzySearchImplementationTests */ = {
			isa = PBXNativeTarget;
			buildConfigurationList = 61C078AB29FECCBE00252DB9 /* Build configuration list for PBXNativeTarget "FuzzySearchImplementationTests" */;
			buildPhases = (
				61C078A129FECCBE00252DB9 /* Sources */,
				61C078A229FECCBE00252DB9 /* Frameworks */,
				61C078A329FECCBE00252DB9 /* Resources */,
			);
			buildRules = (
			);
			dependencies = (
				61C078AA29FECCBE00252DB9 /* PBXTargetDependency */,
			);
			name = FuzzySearchImplementationTests;
			productName = FuzzySearchImplementationTests;
			productReference = 61C078A529FECCBE00252DB9 /* FuzzySearchImplementationTests.xctest */;
			productType = "com.apple.product-type.bundle.unit-test";
		};
/* End PBXNativeTarget section */

/* Begin PBXProject section */
		61C0788829FECC9E00252DB9 /* Project object */ = {
			isa = PBXProject;
			attributes = {
				BuildIndependentTargetsInParallel = 1;
				LastSwiftUpdateCheck = 1430;
				LastUpgradeCheck = 1430;
				TargetAttributes = {
					61C0788F29FECC9E00252DB9 = {
						CreatedOnToolsVersion = 14.3;
					};
					61C078A429FECCBE00252DB9 = {
						CreatedOnToolsVersion = 14.3;
						TestTargetID = 61C0788F29FECC9E00252DB9;
					};
				};
			};
			buildConfigurationList = 61C0788B29FECC9E00252DB9 /* Build configuration list for PBXProject "FuzzySearchImplementation" */;
			compatibilityVersion = "Xcode 14.0";
			developmentRegion = en;
			hasScannedForEncodings = 0;
			knownRegions = (
				en,
				Base,
			);
			mainGroup = 61C0788729FECC9E00252DB9;
			productRefGroup = 61C0789129FECC9E00252DB9 /* Products */;
			projectDirPath = "";
			projectRoot = "";
			targets = (
				61C0788F29FECC9E00252DB9 /* FuzzySearchImplementation */,
				61C078A429FECCBE00252DB9 /* FuzzySearchImplementationTests */,
			);
		};
/* End PBXProject section */

/* Begin PBXResourcesBuildPhase section */
		61C0788E29FECC9E00252DB9 /* Resources */ = {
			isa = PBXResourcesBuildPhase;
			buildActionMask = 2147483647;
			files = (
				61C078B429FED58300252DB9 /* TestingData.json in Resources */,
				61B51F5C2A04D77B009980EA /* mockData.json in Resources */,
				61C0789B29FECC9E00252DB9 /* Preview Assets.xcassets in Resources */,
				61C0789829FECC9E00252DB9 /* Assets.xcassets in Resources */,
			);
			runOnlyForDeploymentPostprocessing = 0;
		};
		61C078A329FECCBE00252DB9 /* Resources */ = {
			isa = PBXResourcesBuildPhase;
			buildActionMask = 2147483647;
			files = (
			);
			runOnlyForDeploymentPostprocessing = 0;
		};
/* End PBXResourcesBuildPhase section */

/* Begin PBXSourcesBuildPhase section */
		61C0788C29FECC9E00252DB9 /* Sources */ = {
			isa = PBXSourcesBuildPhase;
			buildActionMask = 2147483647;
			files = (
				61C0789629FECC9E00252DB9 /* ContentView.swift in Sources */,
				61C078B629FED73300252DB9 /* FuzzySearch.swift in Sources */,
				61940BF72A1CD9980021E38F /* FilesView.swift in Sources */,
				61C078AF29FECCD500252DB9 /* DecodeJSON.swift in Sources */,
				61F954D22B6832FE008A4404 /* String+Normalise.swift in Sources */,
				61C078B229FECDF400252DB9 /* ViewModel.swift in Sources */,
				61F954D52B6833B7008A4404 /* CachedFuzzySearchable.swift in Sources */,
				61C0789429FECC9E00252DB9 /* FuzzySearchImplementationApp.swift in Sources */,
				61F954D12B6832FE008A4404 /* FuzzySearchable.swift in Sources */,
				61F954D32B6832FE008A4404 /* Collection+FuzzySearch.swift in Sources */,
				61F954CF2B6832FE008A4404 /* String+HasPrefix.swift in Sources */,
				61F954D02B6832FE008A4404 /* Models.swift in Sources */,
			);
			runOnlyForDeploymentPostprocessing = 0;
		};
		61C078A129FECCBE00252DB9 /* Sources */ = {
			isa = PBXSourcesBuildPhase;
			buildActionMask = 2147483647;
			files = (
				61C078A829FECCBE00252DB9 /* FuzzySearchImplementationTests.swift in Sources */,
			);
			runOnlyForDeploymentPostprocessing = 0;
		};
/* End PBXSourcesBuildPhase section */

/* Begin PBXTargetDependency section */
		61C078AA29FECCBE00252DB9 /* PBXTargetDependency */ = {
			isa = PBXTargetDependency;
			target = 61C0788F29FECC9E00252DB9 /* FuzzySearchImplementation */;
			targetProxy = 61C078A929FECCBE00252DB9 /* PBXContainerItemProxy */;
		};
/* End PBXTargetDependency section */

/* Begin XCBuildConfiguration section */
		61C0789C29FECC9E00252DB9 /* Debug */ = {
			isa = XCBuildConfiguration;
			buildSettings = {
				ALWAYS_SEARCH_USER_PATHS = NO;
				CLANG_ANALYZER_NONNULL = YES;
				CLANG_ANALYZER_NUMBER_OBJECT_CONVERSION = YES_AGGRESSIVE;
				CLANG_CXX_LANGUAGE_STANDARD = "gnu++20";
				CLANG_ENABLE_MODULES = YES;
				CLANG_ENABLE_OBJC_ARC = YES;
				CLANG_ENABLE_OBJC_WEAK = YES;
				CLANG_WARN_BLOCK_CAPTURE_AUTORELEASING = YES;
				CLANG_WARN_BOOL_CONVERSION = YES;
				CLANG_WARN_COMMA = YES;
				CLANG_WARN_CONSTANT_CONVERSION = YES;
				CLANG_WARN_DEPRECATED_OBJC_IMPLEMENTATIONS = YES;
				CLANG_WARN_DIRECT_OBJC_ISA_USAGE = YES_ERROR;
				CLANG_WARN_DOCUMENTATION_COMMENTS = YES;
				CLANG_WARN_EMPTY_BODY = YES;
				CLANG_WARN_ENUM_CONVERSION = YES;
				CLANG_WARN_INFINITE_RECURSION = YES;
				CLANG_WARN_INT_CONVERSION = YES;
				CLANG_WARN_NON_LITERAL_NULL_CONVERSION = YES;
				CLANG_WARN_OBJC_IMPLICIT_RETAIN_SELF = YES;
				CLANG_WARN_OBJC_LITERAL_CONVERSION = YES;
				CLANG_WARN_OBJC_ROOT_CLASS = YES_ERROR;
				CLANG_WARN_QUOTED_INCLUDE_IN_FRAMEWORK_HEADER = YES;
				CLANG_WARN_RANGE_LOOP_ANALYSIS = YES;
				CLANG_WARN_STRICT_PROTOTYPES = YES;
				CLANG_WARN_SUSPICIOUS_MOVE = YES;
				CLANG_WARN_UNGUARDED_AVAILABILITY = YES_AGGRESSIVE;
				CLANG_WARN_UNREACHABLE_CODE = YES;
				CLANG_WARN__DUPLICATE_METHOD_MATCH = YES;
				COPY_PHASE_STRIP = NO;
				DEBUG_INFORMATION_FORMAT = dwarf;
				ENABLE_STRICT_OBJC_MSGSEND = YES;
				ENABLE_TESTABILITY = YES;
				GCC_C_LANGUAGE_STANDARD = gnu11;
				GCC_DYNAMIC_NO_PIC = NO;
				GCC_NO_COMMON_BLOCKS = YES;
				GCC_OPTIMIZATION_LEVEL = 0;
				GCC_PREPROCESSOR_DEFINITIONS = (
					"DEBUG=1",
					"$(inherited)",
				);
				GCC_WARN_64_TO_32_BIT_CONVERSION = YES;
				GCC_WARN_ABOUT_RETURN_TYPE = YES_ERROR;
				GCC_WARN_UNDECLARED_SELECTOR = YES;
				GCC_WARN_UNINITIALIZED_AUTOS = YES_AGGRESSIVE;
				GCC_WARN_UNUSED_FUNCTION = YES;
				GCC_WARN_UNUSED_VARIABLE = YES;
				IPHONEOS_DEPLOYMENT_TARGET = 16.4;
				MTL_ENABLE_DEBUG_INFO = INCLUDE_SOURCE;
				MTL_FAST_MATH = YES;
				ONLY_ACTIVE_ARCH = YES;
				SDKROOT = iphoneos;
				SWIFT_ACTIVE_COMPILATION_CONDITIONS = DEBUG;
				SWIFT_OPTIMIZATION_LEVEL = "-Onone";
			};
			name = Debug;
		};
		61C0789D29FECC9E00252DB9 /* Release */ = {
			isa = XCBuildConfiguration;
			buildSettings = {
				ALWAYS_SEARCH_USER_PATHS = NO;
				CLANG_ANALYZER_NONNULL = YES;
				CLANG_ANALYZER_NUMBER_OBJECT_CONVERSION = YES_AGGRESSIVE;
				CLANG_CXX_LANGUAGE_STANDARD = "gnu++20";
				CLANG_ENABLE_MODULES = YES;
				CLANG_ENABLE_OBJC_ARC = YES;
				CLANG_ENABLE_OBJC_WEAK = YES;
				CLANG_WARN_BLOCK_CAPTURE_AUTORELEASING = YES;
				CLANG_WARN_BOOL_CONVERSION = YES;
				CLANG_WARN_COMMA = YES;
				CLANG_WARN_CONSTANT_CONVERSION = YES;
				CLANG_WARN_DEPRECATED_OBJC_IMPLEMENTATIONS = YES;
				CLANG_WARN_DIRECT_OBJC_ISA_USAGE = YES_ERROR;
				CLANG_WARN_DOCUMENTATION_COMMENTS = YES;
				CLANG_WARN_EMPTY_BODY = YES;
				CLANG_WARN_ENUM_CONVERSION = YES;
				CLANG_WARN_INFINITE_RECURSION = YES;
				CLANG_WARN_INT_CONVERSION = YES;
				CLANG_WARN_NON_LITERAL_NULL_CONVERSION = YES;
				CLANG_WARN_OBJC_IMPLICIT_RETAIN_SELF = YES;
				CLANG_WARN_OBJC_LITERAL_CONVERSION = YES;
				CLANG_WARN_OBJC_ROOT_CLASS = YES_ERROR;
				CLANG_WARN_QUOTED_INCLUDE_IN_FRAMEWORK_HEADER = YES;
				CLANG_WARN_RANGE_LOOP_ANALYSIS = YES;
				CLANG_WARN_STRICT_PROTOTYPES = YES;
				CLANG_WARN_SUSPICIOUS_MOVE = YES;
				CLANG_WARN_UNGUARDED_AVAILABILITY = YES_AGGRESSIVE;
				CLANG_WARN_UNREACHABLE_CODE = YES;
				CLANG_WARN__DUPLICATE_METHOD_MATCH = YES;
				COPY_PHASE_STRIP = NO;
				DEBUG_INFORMATION_FORMAT = "dwarf-with-dsym";
				ENABLE_NS_ASSERTIONS = NO;
				ENABLE_STRICT_OBJC_MSGSEND = YES;
				GCC_C_LANGUAGE_STANDARD = gnu11;
				GCC_NO_COMMON_BLOCKS = YES;
				GCC_WARN_64_TO_32_BIT_CONVERSION = YES;
				GCC_WARN_ABOUT_RETURN_TYPE = YES_ERROR;
				GCC_WARN_UNDECLARED_SELECTOR = YES;
				GCC_WARN_UNINITIALIZED_AUTOS = YES_AGGRESSIVE;
				GCC_WARN_UNUSED_FUNCTION = YES;
				GCC_WARN_UNUSED_VARIABLE = YES;
				IPHONEOS_DEPLOYMENT_TARGET = 16.4;
				MTL_ENABLE_DEBUG_INFO = NO;
				MTL_FAST_MATH = YES;
				SDKROOT = iphoneos;
				SWIFT_COMPILATION_MODE = wholemodule;
				SWIFT_OPTIMIZATION_LEVEL = "-O";
				VALIDATE_PRODUCT = YES;
			};
			name = Release;
		};
		61C0789F29FECC9E00252DB9 /* Debug */ = {
			isa = XCBuildConfiguration;
			buildSettings = {
				ASSETCATALOG_COMPILER_APPICON_NAME = AppIcon;
				ASSETCATALOG_COMPILER_GLOBAL_ACCENT_COLOR_NAME = AccentColor;
				CODE_SIGN_STYLE = Automatic;
				CURRENT_PROJECT_VERSION = 1;
				DEVELOPMENT_ASSET_PATHS = "\"FuzzySearchImplementation/Preview Content\"";
				DEVELOPMENT_TEAM = 99CC62WXQ9;
				ENABLE_PREVIEWS = YES;
				GENERATE_INFOPLIST_FILE = YES;
				INFOPLIST_KEY_UIApplicationSceneManifest_Generation = YES;
				INFOPLIST_KEY_UIApplicationSupportsIndirectInputEvents = YES;
				INFOPLIST_KEY_UILaunchScreen_Generation = YES;
				INFOPLIST_KEY_UISupportedInterfaceOrientations_iPad = "UIInterfaceOrientationPortrait UIInterfaceOrientationPortraitUpsideDown UIInterfaceOrientationLandscapeLeft UIInterfaceOrientationLandscapeRight";
				INFOPLIST_KEY_UISupportedInterfaceOrientations_iPhone = "UIInterfaceOrientationPortrait UIInterfaceOrientationLandscapeLeft UIInterfaceOrientationLandscapeRight";
				LD_RUNPATH_SEARCH_PATHS = (
					"$(inherited)",
					"@executable_path/Frameworks",
				);
				MARKETING_VERSION = 1.0;
				PRODUCT_BUNDLE_IDENTIFIER = cool.de.activecoding.FuzzySearchImplementation;
				PRODUCT_NAME = "$(TARGET_NAME)";
				SWIFT_EMIT_LOC_STRINGS = YES;
				SWIFT_VERSION = 5.0;
				TARGETED_DEVICE_FAMILY = "1,2";
			};
			name = Debug;
		};
		61C078A029FECC9E00252DB9 /* Release */ = {
			isa = XCBuildConfiguration;
			buildSettings = {
				ASSETCATALOG_COMPILER_APPICON_NAME = AppIcon;
				ASSETCATALOG_COMPILER_GLOBAL_ACCENT_COLOR_NAME = AccentColor;
				CODE_SIGN_STYLE = Automatic;
				CURRENT_PROJECT_VERSION = 1;
				DEVELOPMENT_ASSET_PATHS = "\"FuzzySearchImplementation/Preview Content\"";
				DEVELOPMENT_TEAM = 99CC62WXQ9;
				ENABLE_PREVIEWS = YES;
				GENERATE_INFOPLIST_FILE = YES;
				INFOPLIST_KEY_UIApplicationSceneManifest_Generation = YES;
				INFOPLIST_KEY_UIApplicationSupportsIndirectInputEvents = YES;
				INFOPLIST_KEY_UILaunchScreen_Generation = YES;
				INFOPLIST_KEY_UISupportedInterfaceOrientations_iPad = "UIInterfaceOrientationPortrait UIInterfaceOrientationPortraitUpsideDown UIInterfaceOrientationLandscapeLeft UIInterfaceOrientationLandscapeRight";
				INFOPLIST_KEY_UISupportedInterfaceOrientations_iPhone = "UIInterfaceOrientationPortrait UIInterfaceOrientationLandscapeLeft UIInterfaceOrientationLandscapeRight";
				LD_RUNPATH_SEARCH_PATHS = (
					"$(inherited)",
					"@executable_path/Frameworks",
				);
				MARKETING_VERSION = 1.0;
				PRODUCT_BUNDLE_IDENTIFIER = cool.de.activecoding.FuzzySearchImplementation;
				PRODUCT_NAME = "$(TARGET_NAME)";
				SWIFT_EMIT_LOC_STRINGS = YES;
				SWIFT_VERSION = 5.0;
				TARGETED_DEVICE_FAMILY = "1,2";
			};
			name = Release;
		};
		61C078AC29FECCBE00252DB9 /* Debug */ = {
			isa = XCBuildConfiguration;
			buildSettings = {
				BUNDLE_LOADER = "$(TEST_HOST)";
				CODE_SIGN_STYLE = Automatic;
				CURRENT_PROJECT_VERSION = 1;
				DEVELOPMENT_TEAM = 99CC62WXQ9;
				GENERATE_INFOPLIST_FILE = YES;
				MARKETING_VERSION = 1.0;
				PRODUCT_BUNDLE_IDENTIFIER = cool.de.activecoding.FuzzySearchImplementationTests;
				PRODUCT_NAME = "$(TARGET_NAME)";
				SWIFT_EMIT_LOC_STRINGS = NO;
				SWIFT_VERSION = 5.0;
				TARGETED_DEVICE_FAMILY = "1,2";
				TEST_HOST = "$(BUILT_PRODUCTS_DIR)/FuzzySearchImplementation.app/$(BUNDLE_EXECUTABLE_FOLDER_PATH)/FuzzySearchImplementation";
			};
			name = Debug;
		};
		61C078AD29FECCBE00252DB9 /* Release */ = {
			isa = XCBuildConfiguration;
			buildSettings = {
				BUNDLE_LOADER = "$(TEST_HOST)";
				CODE_SIGN_STYLE = Automatic;
				CURRENT_PROJECT_VERSION = 1;
				DEVELOPMENT_TEAM = 99CC62WXQ9;
				GENERATE_INFOPLIST_FILE = YES;
				MARKETING_VERSION = 1.0;
				PRODUCT_BUNDLE_IDENTIFIER = cool.de.activecoding.FuzzySearchImplementationTests;
				PRODUCT_NAME = "$(TARGET_NAME)";
				SWIFT_EMIT_LOC_STRINGS = NO;
				SWIFT_VERSION = 5.0;
				TARGETED_DEVICE_FAMILY = "1,2";
				TEST_HOST = "$(BUILT_PRODUCTS_DIR)/FuzzySearchImplementation.app/$(BUNDLE_EXECUTABLE_FOLDER_PATH)/FuzzySearchImplementation";
			};
			name = Release;
		};
/* End XCBuildConfiguration section */

/* Begin XCConfigurationList section */
		61C0788B29FECC9E00252DB9 /* Build configuration list for PBXProject "FuzzySearchImplementation" */ = {
			isa = XCConfigurationList;
			buildConfigurations = (
				61C0789C29FECC9E00252DB9 /* Debug */,
				61C0789D29FECC9E00252DB9 /* Release */,
			);
			defaultConfigurationIsVisible = 0;
			defaultConfigurationName = Release;
		};
		61C0789E29FECC9E00252DB9 /* Build configuration list for PBXNativeTarget "FuzzySearchImplementation" */ = {
			isa = XCConfigurationList;
			buildConfigurations = (
				61C0789F29FECC9E00252DB9 /* Debug */,
				61C078A029FECC9E00252DB9 /* Release */,
			);
			defaultConfigurationIsVisible = 0;
			defaultConfigurationName = Release;
		};
		61C078AB29FECCBE00252DB9 /* Build configuration list for PBXNativeTarget "FuzzySearchImplementationTests" */ = {
			isa = XCConfigurationList;
			buildConfigurations = (
				61C078AC29FECCBE00252DB9 /* Debug */,
				61C078AD29FECCBE00252DB9 /* Release */,
			);
			defaultConfigurationIsVisible = 0;
			defaultConfigurationName = Release;
		};
/* End XCConfigurationList section */
	};
	rootObject = 61C0788829FECC9E00252DB9 /* Project object */;
}
